
Microsoft Visual Studio Solution File, Format Version 12.00
# Visual Studio 15
VisualStudioVersion = 15.0.28307.168
MinimumVisualStudioVersion = 10.0.40219.1
Project("{FAE04EC0-301F-11D3-BF4B-00C04F79EFBC}") = "NetCorePractise", "NetCorePractise\NetCorePractise.csproj", "{0EDBC24E-E731-43E5-AAD6-04EF5FBE398A}"
EndProject
Project("{FAE04EC0-301F-11D3-BF4B-00C04F79EFBC}") = "ServiceProvider", "ServiceProvider\ServiceProvider.csproj", "{4F348999-CDA6-4875-A89B-2B952B7BD016}"
EndProject
Global
	GlobalSection(SolutionConfigurationPlatforms) = preSolution
		Debug|Any CPU = Debug|Any CPU
		Release|Any CPU = Release|Any CPU
	EndGlobalSection
	GlobalSection(ProjectConfigurationPlatforms) = postSolution
		{0EDBC24E-E731-43E5-AAD6-04EF5FBE398A}.Debug|Any CPU.ActiveCfg = Debug|Any CPU
		{0EDBC24E-E731-43E5-AAD6-04EF5FBE398A}.Debug|Any CPU.Build.0 = Debug|Any CPU
		{0EDBC24E-E731-43E5-AAD6-04EF5FBE398A}.Release|Any CPU.ActiveCfg = Release|Any CPU
		{0EDBC24E-E731-43E5-AAD6-04EF5FBE398A}.Release|Any CPU.Build.0 = Release|Any CPU
		{4F348999-CDA6-4875-A89B-2B952B7BD016}.Debug|Any CPU.ActiveCfg = Debug|Any CPU
		{4F348999-CDA6-4875-A89B-2B952B7BD016}.Debug|Any CPU.Build.0 = Debug|Any CPU
		{4F348999-CDA6-4875-A89B-2B952B7BD016}.Release|Any CPU.ActiveCfg = Release|Any CPU
		{4F348999-CDA6-4875-A89B-2B952B7BD016}.Release|Any CPU.Build.0 = Release|Any CPU
	EndGlobalSection
	GlobalSection(SolutionProperties) = preSolution
		HideSolutionNode = FALSE
	EndGlobalSection
	GlobalSection(ExtensibilityGlobals) = postSolution
		SolutionGuid = {3F22529B-E630-4EEB-AE4B-BCC5DBEFBC05}
	EndGlobalSection
EndGlobal
